// !$*UTF8*$!
{
	archiveVersion = 1;
	classes = {
	};
	objectVersion = 55;
	objects = {

/* Begin PBXBuildFile section */
		8F0AAC35289F74D7005F2071 /* DynamicFormApp.swift in Sources */ = {isa = PBXBuildFile; fileRef = 8F0AAC34289F74D7005F2071 /* DynamicFormApp.swift */; };
		8F0AAC37289F74D7005F2071 /* ContentView.swift in Sources */ = {isa = PBXBuildFile; fileRef = 8F0AAC36289F74D7005F2071 /* ContentView.swift */; };
		8F0AAC39289F74D9005F2071 /* Assets.xcassets in Resources */ = {isa = PBXBuildFile; fileRef = 8F0AAC38289F74D9005F2071 /* Assets.xcassets */; };
		8F0AAC3C289F74D9005F2071 /* Preview Assets.xcassets in Resources */ = {isa = PBXBuildFile; fileRef = 8F0AAC3B289F74D9005F2071 /* Preview Assets.xcassets */; };
		8F0AAC43289F74F3005F2071 /* Model.swift in Sources */ = {isa = PBXBuildFile; fileRef = 8F0AAC42289F74F2005F2071 /* Model.swift */; };
		8F0AAC45289F7C1F005F2071 /* IngredientView.swift in Sources */ = {isa = PBXBuildFile; fileRef = 8F0AAC44289F7C1F005F2071 /* IngredientView.swift */; };
/* End PBXBuildFile section */

/* Begin PBXFileReference section */
		8F0AAC31289F74D7005F2071 /* DynamicForm.app */ = {isa = PBXFileReference; explicitFileType = wrapper.application; includeInIndex = 0; path = DynamicForm.app; sourceTree = BUILT_PRODUCTS_DIR; };
		8F0AAC34289F74D7005F2071 /* DynamicFormApp.swift */ = {isa = PBXFileReference; lastKnownFileType = sourcecode.swift; path = DynamicFormApp.swift; sourceTree = "<group>"; };
		8F0AAC36289F74D7005F2071 /* ContentView.swift */ = {isa = PBXFileReference; lastKnownFileType = sourcecode.swift; path = ContentView.swift; sourceTree = "<group>"; };
		8F0AAC38289F74D9005F2071 /* Assets.xcassets */ = {isa = PBXFileReference; lastKnownFileType = folder.assetcatalog; path = Assets.xcassets; sourceTree = "<group>"; };
		8F0AAC3B289F74D9005F2071 /* Preview Assets.xcassets */ = {isa = PBXFileReference; lastKnownFileType = folder.assetcatalog; path = "Preview Assets.xcassets"; sourceTree = "<group>"; };
		8F0AAC42289F74F2005F2071 /* Model.swift */ = {isa = PBXFileReference; lastKnownFileType = sourcecode.swift; path = Model.swift; sourceTree = "<group>"; };
		8F0AAC44289F7C1F005F2071 /* IngredientView.swift */ = {isa = PBXFileReference; lastKnownFileType = sourcecode.swift; path = IngredientView.swift; sourceTree = "<group>"; };
/* End PBXFileReference section */

/* Begin PBXFrameworksBuildPhase section */
		8F0AAC2E289F74D7005F2071 /* Frameworks */ = {
			isa = PBXFrameworksBuildPhase;
			buildActionMask = 2147483647;
			files = (
			);
			runOnlyForDeploymentPostprocessing = 0;
		};
/* End PBXFrameworksBuildPhase section */

/* Begin PBXGroup section */
		8F0AAC28289F74D7005F2071 = {
			isa = PBXGroup;
			children = (
				8F0AAC33289F74D7005F2071 /* DynamicForm */,
				8F0AAC32289F74D7005F2071 /* Products */,
			);
			sourceTree = "<group>";
		};
		8F0AAC32289F74D7005F2071 /* Products */ = {
			isa = PBXGroup;
			children = (
				8F0AAC31289F74D7005F2071 /* DynamicForm.app */,
			);
			name = Products;
			sourceTree = "<group>";
		};
		8F0AAC33289F74D7005F2071 /* DynamicForm */ = {
			isa = PBXGroup;
			children = (
				8F0AAC34289F74D7005F2071 /* DynamicFormApp.swift */,
				8F0AAC36289F74D7005F2071 /* ContentView.swift */,
				8F0AAC44289F7C1F005F2071 /* IngredientView.swift */,
				8F0AAC42289F74F2005F2071 /* Model.swift */,
				8F0AAC38289F74D9005F2071 /* Assets.xcassets */,
				8F0AAC3A289F74D9005F2071 /* Preview Content */,
			);
			path = DynamicForm;
			sourceTree = "<group>";
		};
		8F0AAC3A289F74D9005F2071 /* Preview Content */ = {
			isa = PBXGroup;
			children = (
				8F0AAC3B289F74D9005F2071 /* Preview Assets.xcassets */,
			);
			path = "Preview Content";
			sourceTree = "<group>";
		};
/* End PBXGroup section */

/* Begin PBXNativeTarget section */
		8F0AAC30289F74D7005F2071 /* DynamicForm */ = {
			isa = PBXNativeTarget;
			buildConfigurationList = 8F0AAC3F289F74D9005F2071 /* Build configuration list for PBXNativeTarget "DynamicForm" */;
			buildPhases = (
				8F0AAC2D289F74D7005F2071 /* Sources */,
				8F0AAC2E289F74D7005F2071 /* Frameworks */,
				8F0AAC2F289F74D7005F2071 /* Resources */,
			);
			buildRules = (
			);
			dependencies = (
			);
			name = DynamicForm;
			productName = DynamicForm;
			productReference = 8F0AAC31289F74D7005F2071 /* DynamicForm.app */;
			productType = "com.apple.product-type.application";
		};
/* End PBXNativeTarget section */

/* Begin PBXProject section */
		8F0AAC29289F74D7005F2071 /* Project object */ = {
			isa = PBXProject;
			attributes = {
				BuildIndependentTargetsInParallel = 1;
				LastSwiftUpdateCheck = 1340;
				LastUpgradeCheck = 1340;
				TargetAttributes = {
					8F0AAC30289F74D7005F2071 = {
						CreatedOnToolsVersion = 13.4.1;
					};
				};
			};
			buildConfigurationList = 8F0AAC2C289F74D7005F2071 /* Build configuration list for PBXProject "DynamicForm" */;
			compatibilityVersion = "Xcode 13.0";
			developmentRegion = en;
			hasScannedForEncodings = 0;
			knownRegions = (
				en,
				Base,
			);
			mainGroup = 8F0AAC28289F74D7005F2071;
			productRefGroup = 8F0AAC32289F74D7005F2071 /* Products */;
			projectDirPath = "";
			projectRoot = "";
			targets = (
				8F0AAC30289F74D7005F2071 /* DynamicForm */,
			);
		};
/* End PBXProject section */

/* Begin PBXResourcesBuildPhase section */
		8F0AAC2F289F74D7005F2071 /* Resources */ = {
			isa = PBXResourcesBuildPhase;
			buildActionMask = 2147483647;
			files = (
				8F0AAC3C289F74D9005F2071 /* Preview Assets.xcassets in Resources */,
				8F0AAC39289F74D9005F2071 /* Assets.xcassets in Resources */,
			);
			runOnlyForDeploymentPostprocessing = 0;
		};
/* End PBXResourcesBuildPhase section */

/* Begin PBXSourcesBuildPhase section */
		8F0AAC2D289F74D7005F2071 /* Sources */ = {
			isa = PBXSourcesBuildPhase;
			buildActionMask = 2147483647;
			files = (
				8F0AAC43289F74F3005F2071 /* Model.swift in Sources */,
				8F0AAC37289F74D7005F2071 /* ContentView.swift in Sources */,
				8F0AAC35289F74D7005F2071 /* DynamicFormApp.swift in Sources */,
				8F0AAC45289F7C1F005F2071 /* IngredientView.swift in Sources */,
			);
			runOnlyForDeploymentPostprocessing = 0;
		};
/* End PBXSourcesBuildPhase section */

/* Begin XCBuildConfiguration section */
		8F0AAC3D289F74D9005F2071 /* Debug */ = {
			isa = XCBuildConfiguration;
			buildSettings = {
				ALWAYS_SEARCH_USER_PATHS = NO;
				CLANG_ANALYZER_NONNULL = YES;
				CLANG_ANALYZER_NUMBER_OBJECT_CONVERSION = YES_AGGRESSIVE;
				CLANG_CXX_LANGUAGE_STANDARD = "gnu++17";
				CLANG_ENABLE_MODULES = YES;
				CLANG_ENABLE_OBJC_ARC = YES;
				CLANG_ENABLE_OBJC_WEAK = YES;
				CLANG_WARN_BLOCK_CAPTURE_AUTORELEASING = YES;
				CLANG_WARN_BOOL_CONVERSION = YES;
				CLANG_WARN_COMMA = YES;
				CLANG_WARN_CONSTANT_CONVERSION = YES;
				CLANG_WARN_DEPRECATED_OBJC_IMPLEMENTATIONS = YES;
				CLANG_WARN_DIRECT_OBJC_ISA_USAGE = YES_ERROR;
				CLANG_WARN_DOCUMENTATION_COMMENTS = YES;
				CLANG_WARN_EMPTY_BODY = YES;
				CLANG_WARN_ENUM_CONVERSION = YES;
				CLANG_WARN_INFINITE_RECURSION = YES;
				CLANG_WARN_INT_CONVERSION = YES;
				CLANG_WARN_NON_LITERAL_NULL_CONVERSION = YES;
				CLANG_WARN_OBJC_IMPLICIT_RETAIN_SELF = YES;
				CLANG_WARN_OBJC_LITERAL_CONVERSION = YES;
				CLANG_WARN_OBJC_ROOT_CLASS = YES_ERROR;
				CLANG_WARN_QUOTED_INCLUDE_IN_FRAMEWORK_HEADER = YES;
				CLANG_WARN_RANGE_LOOP_ANALYSIS = YES;
				CLANG_WARN_STRICT_PROTOTYPES = YES;
				CLANG_WARN_SUSPICIOUS_MOVE = YES;
				CLANG_WARN_UNGUARDED_AVAILABILITY = YES_AGGRESSIVE;
				CLANG_WARN_UNREACHABLE_CODE = YES;
				CLANG_WARN__DUPLICATE_METHOD_MATCH = YES;
				COPY_PHASE_STRIP = NO;
				DEBUG_INFORMATION_FORMAT = dwarf;
				ENABLE_STRICT_OBJC_MSGSEND = YES;
				ENABLE_TESTABILITY = YES;
				GCC_C_LANGUAGE_STANDARD = gnu11;
				GCC_DYNAMIC_NO_PIC = NO;
				GCC_NO_COMMON_BLOCKS = YES;
				GCC_OPTIMIZATION_LEVEL = 0;
				GCC_PREPROCESSOR_DEFINITIONS = (
					"DEBUG=1",
					"$(inherited)",
				);
				GCC_WARN_64_TO_32_BIT_CONVERSION = YES;
				GCC_WARN_ABOUT_RETURN_TYPE = YES_ERROR;
				GCC_WARN_UNDECLARED_SELECTOR = YES;
				GCC_WARN_UNINITIALIZED_AUTOS = YES_AGGRESSIVE;
				GCC_WARN_UNUSED_FUNCTION = YES;
				GCC_WARN_UNUSED_VARIABLE = YES;
				IPHONEOS_DEPLOYMENT_TARGET = 15.5;
				MTL_ENABLE_DEBUG_INFO = INCLUDE_SOURCE;
				MTL_FAST_MATH = YES;
				ONLY_ACTIVE_ARCH = YES;
				SDKROOT = iphoneos;
				SWIFT_ACTIVE_COMPILATION_CONDITIONS = DEBUG;
				SWIFT_OPTIMIZATION_LEVEL = "-Onone";
			};
			name = Debug;
		};
		8F0AAC3E289F74D9005F2071 /* Release */ = {
			isa = XCBuildConfiguration;
			buildSettings = {
				ALWAYS_SEARCH_USER_PATHS = NO;
				CLANG_ANALYZER_NONNULL = YES;
				CLANG_ANALYZER_NUMBER_OBJECT_CONVERSION = YES_AGGRESSIVE;
				CLANG_CXX_LANGUAGE_STANDARD = "gnu++17";
				CLANG_ENABLE_MODULES = YES;
				CLANG_ENABLE_OBJC_ARC = YES;
				CLANG_ENABLE_OBJC_WEAK = YES;
				CLANG_WARN_BLOCK_CAPTURE_AUTORELEASING = YES;
				CLANG_WARN_BOOL_CONVERSION = YES;
				CLANG_WARN_COMMA = YES;
				CLANG_WARN_CONSTANT_CONVERSION = YES;
				CLANG_WARN_DEPRECATED_OBJC_IMPLEMENTATIONS = YES;
				CLANG_WARN_DIRECT_OBJC_ISA_USAGE = YES_ERROR;
				CLANG_WARN_DOCUMENTATION_COMMENTS = YES;
				CLANG_WARN_EMPTY_BODY = YES;
				CLANG_WARN_ENUM_CONVERSION = YES;
				CLANG_WARN_INFINITE_RECURSION = YES;
				CLANG_WARN_INT_CONVERSION = YES;
				CLANG_WARN_NON_LITERAL_NULL_CONVERSION = YES;
				CLANG_WARN_OBJC_IMPLICIT_RETAIN_SELF = YES;
				CLANG_WARN_OBJC_LITERAL_CONVERSION = YES;
				CLANG_WARN_OBJC_ROOT_CLASS = YES_ERROR;
				CLANG_WARN_QUOTED_INCLUDE_IN_FRAMEWORK_HEADER = YES;
				CLANG_WARN_RANGE_LOOP_ANALYSIS = YES;
				CLANG_WARN_STRICT_PROTOTYPES = YES;
				CLANG_WARN_SUSPICIOUS_MOVE = YES;
				CLANG_WARN_UNGUARDED_AVAILABILITY = YES_AGGRESSIVE;
				CLANG_WARN_UNREACHABLE_CODE = YES;
				CLANG_WARN__DUPLICATE_METHOD_MATCH = YES;
				COPY_PHASE_STRIP = NO;
				DEBUG_INFORMATION_FORMAT = "dwarf-with-dsym";
				ENABLE_NS_ASSERTIONS = NO;
				ENABLE_STRICT_OBJC_MSGSEND = YES;
				GCC_C_LANGUAGE_STANDARD = gnu11;
				GCC_NO_COMMON_BLOCKS = YES;
				GCC_WARN_64_TO_32_BIT_CONVERSION = YES;
				GCC_WARN_ABOUT_RETURN_TYPE = YES_ERROR;
				GCC_WARN_UNDECLARED_SELECTOR = YES;
				GCC_WARN_UNINITIALIZED_AUTOS = YES_AGGRESSIVE;
				GCC_WARN_UNUSED_FUNCTION = YES;
				GCC_WARN_UNUSED_VARIABLE = YES;
				IPHONEOS_DEPLOYMENT_TARGET = 15.5;
				MTL_ENABLE_DEBUG_INFO = NO;
				MTL_FAST_MATH = YES;
				SDKROOT = iphoneos;
				SWIFT_COMPILATION_MODE = wholemodule;
				SWIFT_OPTIMIZATION_LEVEL = "-O";
				VALIDATE_PRODUCT = YES;
			};
			name = Release;
		};
		8F0AAC40289F74D9005F2071 /* Debug */ = {
			isa = XCBuildConfiguration;
			buildSettings = {
				ASSETCATALOG_COMPILER_APPICON_NAME = AppIcon;
				ASSETCATALOG_COMPILER_GLOBAL_ACCENT_COLOR_NAME = AccentColor;
				CODE_SIGN_STYLE = Automatic;
				CURRENT_PROJECT_VERSION = 1;
				DEVELOPMENT_ASSET_PATHS = "\"DynamicForm/Preview Content\"";
				DEVELOPMENT_TEAM = 8F6L8PBYP8;
				ENABLE_PREVIEWS = YES;
				GENERATE_INFOPLIST_FILE = YES;
				INFOPLIST_KEY_UIApplicationSceneManifest_Generation = YES;
				INFOPLIST_KEY_UIApplicationSupportsIndirectInputEvents = YES;
				INFOPLIST_KEY_UILaunchScreen_Generation = YES;
				INFOPLIST_KEY_UISupportedInterfaceOrientations_iPad = "UIInterfaceOrientationPortrait UIInterfaceOrientationPortraitUpsideDown UIInterfaceOrientationLandscapeLeft UIInterfaceOrientationLandscapeRight";
				INFOPLIST_KEY_UISupportedInterfaceOrientations_iPhone = "UIInterfaceOrientationPortrait UIInterfaceOrientationLandscapeLeft UIInterfaceOrientationLandscapeRight";
				LD_RUNPATH_SEARCH_PATHS = (
					"$(inherited)",
					"@executable_path/Frameworks",
				);
				MARKETING_VERSION = 1.0;
				PRODUCT_BUNDLE_IDENTIFIER = com.codingwithnoah.DynamicForm;
				PRODUCT_NAME = "$(TARGET_NAME)";
				SWIFT_EMIT_LOC_STRINGS = YES;
				SWIFT_VERSION = 5.0;
				TARGETED_DEVICE_FAMILY = "1,2";
			};
			name = Debug;
		};
		8F0AAC41289F74D9005F2071 /* Release */ = {
			isa = XCBuildConfiguration;
			buildSettings = {
				ASSETCATALOG_COMPILER_APPICON_NAME = AppIcon;
				ASSETCATALOG_COMPILER_GLOBAL_ACCENT_COLOR_NAME = AccentColor;
				CODE_SIGN_STYLE = Automatic;
				CURRENT_PROJECT_VERSION = 1;
				DEVELOPMENT_ASSET_PATHS = "\"DynamicForm/Preview Content\"";
				DEVELOPMENT_TEAM = 8F6L8PBYP8;
				ENABLE_PREVIEWS = YES;
				GENERATE_INFOPLIST_FILE = YES;
				INFOPLIST_KEY_UIApplicationSceneManifest_Generation = YES;
				INFOPLIST_KEY_UIApplicationSupportsIndirectInputEvents = YES;
				INFOPLIST_KEY_UILaunchScreen_Generation = YES;
				INFOPLIST_KEY_UISupportedInterfaceOrientations_iPad = "UIInterfaceOrientationPortrait UIInterfaceOrientationPortraitUpsideDown UIInterfaceOrientationLandscapeLeft UIInterfaceOrientationLandscapeRight";
				INFOPLIST_KEY_UISupportedInterfaceOrientations_iPhone = "UIInterfaceOrientationPortrait UIInterfaceOrientationLandscapeLeft UIInterfaceOrientationLandscapeRight";
				LD_RUNPATH_SEARCH_PATHS = (
					"$(inherited)",
					"@executable_path/Frameworks",
				);
				MARKETING_VERSION = 1.0;
				PRODUCT_BUNDLE_IDENTIFIER = com.codingwithnoah.DynamicForm;
				PRODUCT_NAME = "$(TARGET_NAME)";
				SWIFT_EMIT_LOC_STRINGS = YES;
				SWIFT_VERSION = 5.0;
				TARGETED_DEVICE_FAMILY = "1,2";
			};
			name = Release;
		};
/* End XCBuildConfiguration section */

/* Begin XCConfigurationList section */
		8F0AAC2C289F74D7005F2071 /* Build configuration list for PBXProject "DynamicForm" */ = {
			isa = XCConfigurationList;
			buildConfigurations = (
				8F0AAC3D289F74D9005F2071 /* Debug */,
				8F0AAC3E289F74D9005F2071 /* Release */,
			);
			defaultConfigurationIsVisible = 0;
			defaultConfigurationName = Release;
		};
		8F0AAC3F289F74D9005F2071 /* Build configuration list for PBXNativeTarget "DynamicForm" */ = {
			isa = XCConfigurationList;
			buildConfigurations = (
				8F0AAC40289F74D9005F2071 /* Debug */,
				8F0AAC41289F74D9005F2071 /* Release */,
			);
			defaultConfigurationIsVisible = 0;
			defaultConfigurationName = Release;
		};
/* End XCConfigurationList section */
	};
	rootObject = 8F0AAC29289F74D7005F2071 /* Project object */;
}
